{
  "version": "5",
  "specifiers": {
    "jsr:@std/assert@1": "1.0.19",
    "jsr:@std/internal@^1.0.12": "1.0.14",
    "npm:md5@2": "2.3.0",
    "npm:rxjs@7.8.1": "7.8.1"
  },
  "jsr": {
    "@std/assert@1.0.19": {
      "integrity": "eaada96ee120cb980bc47e040f82814d786fe8162ecc53c91d8df60b8755991e",
      "dependencies": [
        "jsr:@std/internal"
      ]
    },
    "@std/internal@1.0.14": {
      "integrity": "291516b3d4c35024d6ffbc0a9df5bf4c64116e05b50012cf846710152d2ffdf7"
    }
  },
  "npm": {
    "charenc@0.0.2": {
      "integrity": "sha512-yrLQ/yVUFXkzg7EDQsPieE/53+0RlaWTs+wBrvW36cyilJ2SaDWfl4Yj7MtLTXleV9uEKefbAGUPv2/iWSooRA==",
      "tarball": "https://registry.npmmirror.com/charenc/-/charenc-0.0.2.tgz"
    },
    "crypt@0.0.2": {
      "integrity": "sha512-mCxBlsHFYh9C+HVpiEacem8FEBnMXgU9gy4zmNC+SXAZNB/1idgp/aulFJ4FgCi7GPEVbfyng092GqL2k2rmow==",
      "tarball": "https://registry.npmmirror.com/crypt/-/crypt-0.0.2.tgz"
    },
    "is-buffer@1.1.6": {
      "integrity": "sha512-NcdALwpXkTm5Zvvbk7owOUSvVvBKDgKP5/ewfXEznmQFfs4ZRmanOeKBTjRVjka3QFoN6XJ+9F3USqfHqTaU5w==",
      "tarball": "https://registry.npmmirror.com/is-buffer/-/is-buffer-1.1.6.tgz"
    },
    "md5@2.3.0": {
      "integrity": "sha512-T1GITYmFaKuO91vxyoQMFETst+O71VUPEU3ze5GNzDm0OWdP8v1ziTaAEPUr/3kLsY3Sftgz242A1SetQiDL7g==",
      "dependencies": [
        "charenc",
        "crypt",
        "is-buffer"
      ],
      "tarball": "https://registry.npmmirror.com/md5/-/md5-2.3.0.tgz"
    },
    "rxjs@7.8.1": {
      "integrity": "sha512-AA3TVj+0A2iuIoQkWEK/tqFjBq2j+6PO6Y0zJcvzLAFhEFIO3HL0vls9hWLncZbAAbK0mar7oZ4V079I/qPMxg==",
      "dependencies": [
        "tslib"
      ],
      "tarball": "https://registry.npmmirror.com/rxjs/-/rxjs-7.8.1.tgz"
    },
    "tslib@2.8.1": {
      "integrity": "sha512-oJFu94HQb+KVduSUQL7wnpmqnfmLsOA/nAh6b6EH0wCEoK0/mPeXU6c3wKDV83MkOuHPRHtSXKKU99IBazS/2w==",
      "tarball": "https://registry.npmmirror.com/tslib/-/tslib-2.8.1.tgz"
    }
  },
  "workspace": {
    "dependencies": [
      "jsr:@std/assert@1",
      "npm:md5@2",
      "npm:rxjs@7.8.1"
    ]
  }
}
